
Microsoft Visual Studio Solution File, Format Version 12.00
# Visual Studio 2012
Project("{FAE04EC0-301F-11D3-BF4B-00C04F79EFBC}") = "IM.UI", "IM\IM.UI.csproj", "{250C49A3-E424-4FDE-8012-207970EB2100}"
EndProject
Project("{FAE04EC0-301F-11D3-BF4B-00C04F79EFBC}") = "IM.DAL", "IM.DAL\IM.DAL.csproj", "{D2CF1F7C-7034-4E2E-8D57-91020DE0B7DA}"
EndProject
Project("{FAE04EC0-301F-11D3-BF4B-00C04F79EFBC}") = "IM.Core", "IM.Core\IM.Core.csproj", "{52D667E6-44FA-4897-BF21-70578D649084}"
EndProject
Project("{FAE04EC0-301F-11D3-BF4B-00C04F79EFBC}") = "IM.Misc", "IM.Misc\IM.Misc.csproj", "{657805B3-DB7E-4C78-8089-943CC441BCA8}"
EndProject
Global
	GlobalSection(SolutionConfigurationPlatforms) = preSolution
		Debug|Any CPU = Debug|Any CPU
		Release|Any CPU = Release|Any CPU
	EndGlobalSection
	GlobalSection(ProjectConfigurationPlatforms) = postSolution
		{250C49A3-E424-4FDE-8012-207970EB2100}.Debug|Any CPU.ActiveCfg = Debug|Any CPU
		{250C49A3-E424-4FDE-8012-207970EB2100}.Debug|Any CPU.Build.0 = Debug|Any CPU
		{250C49A3-E424-4FDE-8012-207970EB2100}.Release|Any CPU.ActiveCfg = Release|Any CPU
		{250C49A3-E424-4FDE-8012-207970EB2100}.Release|Any CPU.Build.0 = Release|Any CPU
		{D2CF1F7C-7034-4E2E-8D57-91020DE0B7DA}.Debug|Any CPU.ActiveCfg = Debug|Any CPU
		{D2CF1F7C-7034-4E2E-8D57-91020DE0B7DA}.Debug|Any CPU.Build.0 = Debug|Any CPU
		{D2CF1F7C-7034-4E2E-8D57-91020DE0B7DA}.Release|Any CPU.ActiveCfg = Release|Any CPU
		{D2CF1F7C-7034-4E2E-8D57-91020DE0B7DA}.Release|Any CPU.Build.0 = Release|Any CPU
		{52D667E6-44FA-4897-BF21-70578D649084}.Debug|Any CPU.ActiveCfg = Debug|Any CPU
		{52D667E6-44FA-4897-BF21-70578D649084}.Debug|Any CPU.Build.0 = Debug|Any CPU
		{52D667E6-44FA-4897-BF21-70578D649084}.Release|Any CPU.ActiveCfg = Release|Any CPU
		{52D667E6-44FA-4897-BF21-70578D649084}.Release|Any CPU.Build.0 = Release|Any CPU
		{657805B3-DB7E-4C78-8089-943CC441BCA8}.Debug|Any CPU.ActiveCfg = Debug|Any CPU
		{657805B3-DB7E-4C78-8089-943CC441BCA8}.Debug|Any CPU.Build.0 = Debug|Any CPU
		{657805B3-DB7E-4C78-8089-943CC441BCA8}.Release|Any CPU.ActiveCfg = Release|Any CPU
		{657805B3-DB7E-4C78-8089-943CC441BCA8}.Release|Any CPU.Build.0 = Release|Any CPU
	EndGlobalSection
	GlobalSection(SolutionProperties) = preSolution
		HideSolutionNode = FALSE
	EndGlobalSection
EndGlobal
